
Microsoft Visual Studio Solution File, Format Version 12.00
# Visual Studio Version 16
VisualStudioVersion = 16.0.30804.86
MinimumVisualStudioVersion = 10.0.40219.1
Project("{FAE04EC0-301F-11D3-BF4B-00C04F79EFBC}") = "Cwiczenia", "Cwiczenia.csproj", "{0CCDCBD7-8827-40A3-83ED-831ADF054D0C}"
EndProject
Global
	GlobalSection(SolutionConfigurationPlatforms) = preSolution
		Debug|Any CPU = Debug|Any CPU
		Release|Any CPU = Release|Any CPU
	EndGlobalSection
	GlobalSection(ProjectConfigurationPlatforms) = postSolution
		{0CCDCBD7-8827-40A3-83ED-831ADF054D0C}.Debug|Any CPU.ActiveCfg = Debug|Any CPU
		{0CCDCBD7-8827-40A3-83ED-831ADF054D0C}.Debug|Any CPU.Build.0 = Debug|Any CPU
		{0CCDCBD7-8827-40A3-83ED-831ADF054D0C}.Release|Any CPU.ActiveCfg = Release|Any CPU
		{0CCDCBD7-8827-40A3-83ED-831ADF054D0C}.Release|Any CPU.Build.0 = Release|Any CPU
	EndGlobalSection
	GlobalSection(SolutionProperties) = preSolution
		HideSolutionNode = FALSE
	EndGlobalSection
	GlobalSection(ExtensibilityGlobals) = postSolution
		SolutionGuid = {53305303-9011-4A76-A93F-72214E410E45}
	EndGlobalSection
EndGlobal
